{
    "name": "@jeefo/form",
    "version": "0.0.0",
    "lockfileVersion": 1,
    "requires": true,
    "dependencies": {
        "@jeefo/jqlite": {
            "version": "0.0.3",
            "resolved": "https://registry.npmjs.org/@jeefo/jqlite/-/jqlite-0.0.3.tgz",
            "integrity": "sha512-0ijKiYjnNaF+ANc3SKaWDzOrtrJXs683ZQ0URdnwqs5qKXSeZLR9Tz62bJCJ4DmFV0nKY2eUXX7vsh75MqHtVA=="
        },
        "@jeefo/publish": {
            "version": "0.0.31",
            "resolved": "https://registry.npmjs.org/@jeefo/publish/-/publish-0.0.31.tgz",
            "integrity": "sha512-VrpiuMOCpR2WC8e1+ZRQymbRaHOLOUubFkQ8/kRFmG64ZKMygYY202LdR+ICJ5VCP2SeXeqwXDvVQwG8b/RJ/A==",
            "dev": true
        }
    }
}
